// !$*UTF8*$!
{
	archiveVersion = 1;
	classes = {
	};
	objectVersion = 55;
	objects = {

/* Begin PBXBuildFile section */
		201E1070AA747D494EE2FF00 /* Pods_InstagramTests.framework in Frameworks */ = {isa = PBXBuildFile; fileRef = EB0E5802A0F9C3546904E961 /* Pods_InstagramTests.framework */; };
		4503DA8427E7D6A900475B29 /* AppDelegate.swift in Sources */ = {isa = PBXBuildFile; fileRef = 4503DA8327E7D6A900475B29 /* AppDelegate.swift */; };
		4503DA8627E7D6A900475B29 /* SceneDelegate.swift in Sources */ = {isa = PBXBuildFile; fileRef = 4503DA8527E7D6A900475B29 /* SceneDelegate.swift */; };
		4503DA8B27E7D6A900475B29 /* Main.storyboard in Resources */ = {isa = PBXBuildFile; fileRef = 4503DA8927E7D6A900475B29 /* Main.storyboard */; };
		4503DA8D27E7D6B200475B29 /* Assets.xcassets in Resources */ = {isa = PBXBuildFile; fileRef = 4503DA8C27E7D6B200475B29 /* Assets.xcassets */; };
		4503DA9027E7D6B200475B29 /* LaunchScreen.storyboard in Resources */ = {isa = PBXBuildFile; fileRef = 4503DA8E27E7D6B200475B29 /* LaunchScreen.storyboard */; };
		4503DA9B27E7D6B200475B29 /* InstagramTests.swift in Sources */ = {isa = PBXBuildFile; fileRef = 4503DA9A27E7D6B200475B29 /* InstagramTests.swift */; };
		4503DAA527E7D6B300475B29 /* InstagramUITests.swift in Sources */ = {isa = PBXBuildFile; fileRef = 4503DAA427E7D6B300475B29 /* InstagramUITests.swift */; };
		4503DAA727E7D6B300475B29 /* InstagramUITestsLaunchTests.swift in Sources */ = {isa = PBXBuildFile; fileRef = 4503DAA627E7D6B300475B29 /* InstagramUITestsLaunchTests.swift */; };
		4503DAB427E811C500475B29 /* LoginViewController.swift in Sources */ = {isa = PBXBuildFile; fileRef = 4503DAB327E811C500475B29 /* LoginViewController.swift */; };
		4503DAB627E811E100475B29 /* FeedViewController.swift in Sources */ = {isa = PBXBuildFile; fileRef = 4503DAB527E811E100475B29 /* FeedViewController.swift */; };
		4503DABB27E8276E00475B29 /* CameraViewController.swift in Sources */ = {isa = PBXBuildFile; fileRef = 4503DABA27E8276E00475B29 /* CameraViewController.swift */; };
		4503DABD27E8CEC200475B29 /* PostCell.swift in Sources */ = {isa = PBXBuildFile; fileRef = 4503DABC27E8CEC200475B29 /* PostCell.swift */; };
		84A5CE35A6578095FDE3488D /* Pods_Instagram_InstagramUITests.framework in Frameworks */ = {isa = PBXBuildFile; fileRef = 20265CFC51487015A5F96596 /* Pods_Instagram_InstagramUITests.framework */; };
		A3360018E04BD1A1643E811D /* Pods_Instagram.framework in Frameworks */ = {isa = PBXBuildFile; fileRef = C51EBEB2CD6AFEDC3D6CA7AA /* Pods_Instagram.framework */; };
/* End PBXBuildFile section */

/* Begin PBXContainerItemProxy section */
		4503DA9727E7D6B200475B29 /* PBXContainerItemProxy */ = {
			isa = PBXContainerItemProxy;
			containerPortal = 4503DA7827E7D6A900475B29 /* Project object */;
			proxyType = 1;
			remoteGlobalIDString = 4503DA7F27E7D6A900475B29;
			remoteInfo = Instagram;
		};
		4503DAA127E7D6B300475B29 /* PBXContainerItemProxy */ = {
			isa = PBXContainerItemProxy;
			containerPortal = 4503DA7827E7D6A900475B29 /* Project object */;
			proxyType = 1;
			remoteGlobalIDString = 4503DA7F27E7D6A900475B29;
			remoteInfo = Instagram;
		};
/* End PBXContainerItemProxy section */

/* Begin PBXFileReference section */
		20265CFC51487015A5F96596 /* Pods_Instagram_InstagramUITests.framework */ = {isa = PBXFileReference; explicitFileType = wrapper.framework; includeInIndex = 0; path = Pods_Instagram_InstagramUITests.framework; sourceTree = BUILT_PRODUCTS_DIR; };
		4503DA8027E7D6A900475B29 /* Instagram.app */ = {isa = PBXFileReference; explicitFileType = wrapper.application; includeInIndex = 0; path = Instagram.app; sourceTree = BUILT_PRODUCTS_DIR; };
		4503DA8327E7D6A900475B29 /* AppDelegate.swift */ = {isa = PBXFileReference; lastKnownFileType = sourcecode.swift; path = AppDelegate.swift; sourceTree = "<group>"; };
		4503DA8527E7D6A900475B29 /* SceneDelegate.swift */ = {isa = PBXFileReference; lastKnownFileType = sourcecode.swift; path = SceneDelegate.swift; sourceTree = "<group>"; };
		4503DA8A27E7D6A900475B29 /* Base */ = {isa = PBXFileReference; lastKnownFileType = file.storyboard; name = Base; path = Base.lproj/Main.storyboard; sourceTree = "<group>"; };
		4503DA8C27E7D6B200475B29 /* Assets.xcassets */ = {isa = PBXFileReference; lastKnownFileType = folder.assetcatalog; path = Assets.xcassets; sourceTree = "<group>"; };
		4503DA8F27E7D6B200475B29 /* Base */ = {isa = PBXFileReference; lastKnownFileType = file.storyboard; name = Base; path = Base.lproj/LaunchScreen.storyboard; sourceTree = "<group>"; };
		4503DA9127E7D6B200475B29 /* Info.plist */ = {isa = PBXFileReference; lastKnownFileType = text.plist.xml; path = Info.plist; sourceTree = "<group>"; };
		4503DA9627E7D6B200475B29 /* InstagramTests.xctest */ = {isa = PBXFileReference; explicitFileType = wrapper.cfbundle; includeInIndex = 0; path = InstagramTests.xctest; sourceTree = BUILT_PRODUCTS_DIR; };
		4503DA9A27E7D6B200475B29 /* InstagramTests.swift */ = {isa = PBXFileReference; lastKnownFileType = sourcecode.swift; path = InstagramTests.swift; sourceTree = "<group>"; };
		4503DAA027E7D6B300475B29 /* InstagramUITests.xctest */ = {isa = PBXFileReference; explicitFileType = wrapper.cfbundle; includeInIndex = 0; path = InstagramUITests.xctest; sourceTree = BUILT_PRODUCTS_DIR; };
		4503DAA427E7D6B300475B29 /* InstagramUITests.swift */ = {isa = PBXFileReference; lastKnownFileType = sourcecode.swift; path = InstagramUITests.swift; sourceTree = "<group>"; };
		4503DAA627E7D6B300475B29 /* InstagramUITestsLaunchTests.swift */ = {isa = PBXFileReference; lastKnownFileType = sourcecode.swift; path = InstagramUITestsLaunchTests.swift; sourceTree = "<group>"; };
		4503DAB327E811C500475B29 /* LoginViewController.swift */ = {isa = PBXFileReference; lastKnownFileType = sourcecode.swift; path = LoginViewController.swift; sourceTree = "<group>"; };
		4503DAB527E811E100475B29 /* FeedViewController.swift */ = {isa = PBXFileReference; lastKnownFileType = sourcecode.swift; path = FeedViewController.swift; sourceTree = "<group>"; };
		4503DABA27E8276E00475B29 /* CameraViewController.swift */ = {isa = PBXFileReference; lastKnownFileType = sourcecode.swift; path = CameraViewController.swift; sourceTree = "<group>"; };
		4503DABC27E8CEC200475B29 /* PostCell.swift */ = {isa = PBXFileReference; lastKnownFileType = sourcecode.swift; path = PostCell.swift; sourceTree = "<group>"; };
		4503DABE27E8D97300475B29 /* README.md */ = {isa = PBXFileReference; lastKnownFileType = net.daringfireball.markdown; path = README.md; sourceTree = "<group>"; };
		4A646FC14E53BE731749B541 /* Pods-Instagram.release.xcconfig */ = {isa = PBXFileReference; includeInIndex = 1; lastKnownFileType = text.xcconfig; name = "Pods-Instagram.release.xcconfig"; path = "Target Support Files/Pods-Instagram/Pods-Instagram.release.xcconfig"; sourceTree = "<group>"; };
		4C00B3A4CE8E401FD15AC91A /* Pods-Instagram.debug.xcconfig */ = {isa = PBXFileReference; includeInIndex = 1; lastKnownFileType = text.xcconfig; name = "Pods-Instagram.debug.xcconfig"; path = "Target Support Files/Pods-Instagram/Pods-Instagram.debug.xcconfig"; sourceTree = "<group>"; };
		56BD335B7D2E3FE02C9494F4 /* Pods-InstagramTests.debug.xcconfig */ = {isa = PBXFileReference; includeInIndex = 1; lastKnownFileType = text.xcconfig; name = "Pods-InstagramTests.debug.xcconfig"; path = "Target Support Files/Pods-InstagramTests/Pods-InstagramTests.debug.xcconfig"; sourceTree = "<group>"; };
		C51EBEB2CD6AFEDC3D6CA7AA /* Pods_Instagram.framework */ = {isa = PBXFileReference; explicitFileType = wrapper.framework; includeInIndex = 0; path = Pods_Instagram.framework; sourceTree = BUILT_PRODUCTS_DIR; };
		CB1650EAF0486CBB9DA38BC6 /* Pods-Instagram-InstagramUITests.release.xcconfig */ = {isa = PBXFileReference; includeInIndex = 1; lastKnownFileType = text.xcconfig; name = "Pods-Instagram-InstagramUITests.release.xcconfig"; path = "Target Support Files/Pods-Instagram-InstagramUITests/Pods-Instagram-InstagramUITests.release.xcconfig"; sourceTree = "<group>"; };
		EB0E5802A0F9C3546904E961 /* Pods_InstagramTests.framework */ = {isa = PBXFileReference; explicitFileType = wrapper.framework; includeInIndex = 0; path = Pods_InstagramTests.framework; sourceTree = BUILT_PRODUCTS_DIR; };
		F8E25D98411EA8BEA1F20AF7 /* Pods-InstagramTests.release.xcconfig */ = {isa = PBXFileReference; includeInIndex = 1; lastKnownFileType = text.xcconfig; name = "Pods-InstagramTests.release.xcconfig"; path = "Target Support Files/Pods-InstagramTests/Pods-InstagramTests.release.xcconfig"; sourceTree = "<group>"; };
		FD1611E3C207FD07ECFA7E12 /* Pods-Instagram-InstagramUITests.debug.xcconfig */ = {isa = PBXFileReference; includeInIndex = 1; lastKnownFileType = text.xcconfig; name = "Pods-Instagram-InstagramUITests.debug.xcconfig"; path = "Target Support Files/Pods-Instagram-InstagramUITests/Pods-Instagram-InstagramUITests.debug.xcconfig"; sourceTree = "<group>"; };
/* End PBXFileReference section */

/* Begin PBXFrameworksBuildPhase section */
		4503DA7D27E7D6A900475B29 /* Frameworks */ = {
			isa = PBXFrameworksBuildPhase;
			buildActionMask = 2147483647;
			files = (
				A3360018E04BD1A1643E811D /* Pods_Instagram.framework in Frameworks */,
			);
			runOnlyForDeploymentPostprocessing = 0;
		};
		4503DA9327E7D6B200475B29 /* Frameworks */ = {
			isa = PBXFrameworksBuildPhase;
			buildActionMask = 2147483647;
			files = (
				201E1070AA747D494EE2FF00 /* Pods_InstagramTests.framework in Frameworks */,
			);
			runOnlyForDeploymentPostprocessing = 0;
		};
		4503DA9D27E7D6B300475B29 /* Frameworks */ = {
			isa = PBXFrameworksBuildPhase;
			buildActionMask = 2147483647;
			files = (
				84A5CE35A6578095FDE3488D /* Pods_Instagram_InstagramUITests.framework in Frameworks */,
			);
			runOnlyForDeploymentPostprocessing = 0;
		};
/* End PBXFrameworksBuildPhase section */

/* Begin PBXGroup section */
		4503DA7727E7D6A900475B29 = {
			isa = PBXGroup;
			children = (
				4503DA8227E7D6A900475B29 /* Instagram */,
				4503DA9927E7D6B200475B29 /* InstagramTests */,
				4503DAA327E7D6B300475B29 /* InstagramUITests */,
				4503DA8127E7D6A900475B29 /* Products */,
				97A7067BC2634445473462E7 /* Pods */,
				5B8B4FCE5FC7019CD7AAF52E /* Frameworks */,
			);
			sourceTree = "<group>";
		};
		4503DA8127E7D6A900475B29 /* Products */ = {
			isa = PBXGroup;
			children = (
				4503DA8027E7D6A900475B29 /* Instagram.app */,
				4503DA9627E7D6B200475B29 /* InstagramTests.xctest */,
				4503DAA027E7D6B300475B29 /* InstagramUITests.xctest */,
			);
			name = Products;
			sourceTree = "<group>";
		};
		4503DA8227E7D6A900475B29 /* Instagram */ = {
			isa = PBXGroup;
			children = (
				4503DABC27E8CEC200475B29 /* PostCell.swift */,
				4503DA8327E7D6A900475B29 /* AppDelegate.swift */,
				4503DA8527E7D6A900475B29 /* SceneDelegate.swift */,
				4503DA8927E7D6A900475B29 /* Main.storyboard */,
				4503DABE27E8D97300475B29 /* README.md */,
				4503DAB327E811C500475B29 /* LoginViewController.swift */,
				4503DAB527E811E100475B29 /* FeedViewController.swift */,
				4503DA8C27E7D6B200475B29 /* Assets.xcassets */,
				4503DA8E27E7D6B200475B29 /* LaunchScreen.storyboard */,
				4503DA9127E7D6B200475B29 /* Info.plist */,
				4503DABA27E8276E00475B29 /* CameraViewController.swift */,
			);
			path = Instagram;
			sourceTree = "<group>";
		};
		4503DA9927E7D6B200475B29 /* InstagramTests */ = {
			isa = PBXGroup;
			children = (
				4503DA9A27E7D6B200475B29 /* InstagramTests.swift */,
			);
			path = InstagramTests;
			sourceTree = "<group>";
		};
		4503DAA327E7D6B300475B29 /* InstagramUITests */ = {
			isa = PBXGroup;
			children = (
				4503DAA427E7D6B300475B29 /* InstagramUITests.swift */,
				4503DAA627E7D6B300475B29 /* InstagramUITestsLaunchTests.swift */,
			);
			path = InstagramUITests;
			sourceTree = "<group>";
		};
		5B8B4FCE5FC7019CD7AAF52E /* Frameworks */ = {
			isa = PBXGroup;
			children = (
				C51EBEB2CD6AFEDC3D6CA7AA /* Pods_Instagram.framework */,
				20265CFC51487015A5F96596 /* Pods_Instagram_InstagramUITests.framework */,
				EB0E5802A0F9C3546904E961 /* Pods_InstagramTests.framework */,
			);
			name = Frameworks;
			sourceTree = "<group>";
		};
		97A7067BC2634445473462E7 /* Pods */ = {
			isa = PBXGroup;
			children = (
				4C00B3A4CE8E401FD15AC91A /* Pods-Instagram.debug.xcconfig */,
				4A646FC14E53BE731749B541 /* Pods-Instagram.release.xcconfig */,
				FD1611E3C207FD07ECFA7E12 /* Pods-Instagram-InstagramUITests.debug.xcconfig */,
				CB1650EAF0486CBB9DA38BC6 /* Pods-Instagram-InstagramUITests.release.xcconfig */,
				56BD335B7D2E3FE02C9494F4 /* Pods-InstagramTests.debug.xcconfig */,
				F8E25D98411EA8BEA1F20AF7 /* Pods-InstagramTests.release.xcconfig */,
			);
			path = Pods;
			sourceTree = "<group>";
		};
/* End PBXGroup section */

/* Begin PBXNativeTarget section */
		4503DA7F27E7D6A900475B29 /* Instagram */ = {
			isa = PBXNativeTarget;
			buildConfigurationList = 4503DAAA27E7D6B300475B29 /* Build configuration list for PBXNativeTarget "Instagram" */;
			buildPhases = (
				240AB85F8E89A75C94C00F41 /* [CP] Check Pods Manifest.lock */,
				4503DA7C27E7D6A900475B29 /* Sources */,
				4503DA7D27E7D6A900475B29 /* Frameworks */,
				4503DA7E27E7D6A900475B29 /* Resources */,
				CE650638D62266C35F6FDB54 /* [CP] Embed Pods Frameworks */,
			);
			buildRules = (
			);
			dependencies = (
			);
			name = Instagram;
			productName = Instagram;
			productReference = 4503DA8027E7D6A900475B29 /* Instagram.app */;
			productType = "com.apple.product-type.application";
		};
		4503DA9527E7D6B200475B29 /* InstagramTests */ = {
			isa = PBXNativeTarget;
			buildConfigurationList = 4503DAAD27E7D6B300475B29 /* Build configuration list for PBXNativeTarget "InstagramTests" */;
			buildPhases = (
				510E2331C9D2A48A4D00DAEF /* [CP] Check Pods Manifest.lock */,
				4503DA9227E7D6B200475B29 /* Sources */,
				4503DA9327E7D6B200475B29 /* Frameworks */,
				4503DA9427E7D6B200475B29 /* Resources */,
			);
			buildRules = (
			);
			dependencies = (
				4503DA9827E7D6B200475B29 /* PBXTargetDependency */,
			);
			name = InstagramTests;
			productName = InstagramTests;
			productReference = 4503DA9627E7D6B200475B29 /* InstagramTests.xctest */;
			productType = "com.apple.product-type.bundle.unit-test";
		};
		4503DA9F27E7D6B300475B29 /* InstagramUITests */ = {
			isa = PBXNativeTarget;
			buildConfigurationList = 4503DAB027E7D6B300475B29 /* Build configuration list for PBXNativeTarget "InstagramUITests" */;
			buildPhases = (
				3D665CD76644E6AA221AB5B0 /* [CP] Check Pods Manifest.lock */,
				4503DA9C27E7D6B300475B29 /* Sources */,
				4503DA9D27E7D6B300475B29 /* Frameworks */,
				4503DA9E27E7D6B300475B29 /* Resources */,
				C27D3591EAE61883F1E9BB7A /* [CP] Embed Pods Frameworks */,
			);
			buildRules = (
			);
			dependencies = (
				4503DAA227E7D6B300475B29 /* PBXTargetDependency */,
			);
			name = InstagramUITests;
			productName = InstagramUITests;
			productReference = 4503DAA027E7D6B300475B29 /* InstagramUITests.xctest */;
			productType = "com.apple.product-type.bundle.ui-testing";
		};
/* End PBXNativeTarget section */

/* Begin PBXProject section */
		4503DA7827E7D6A900475B29 /* Project object */ = {
			isa = PBXProject;
			attributes = {
				BuildIndependentTargetsInParallel = 1;
				LastSwiftUpdateCheck = 1330;
				LastUpgradeCheck = 1330;
				TargetAttributes = {
					4503DA7F27E7D6A900475B29 = {
						CreatedOnToolsVersion = 13.3;
					};
					4503DA9527E7D6B200475B29 = {
						CreatedOnToolsVersion = 13.3;
						TestTargetID = 4503DA7F27E7D6A900475B29;
					};
					4503DA9F27E7D6B300475B29 = {
						CreatedOnToolsVersion = 13.3;
						TestTargetID = 4503DA7F27E7D6A900475B29;
					};
				};
			};
			buildConfigurationList = 4503DA7B27E7D6A900475B29 /* Build configuration list for PBXProject "Instagram" */;
			compatibilityVersion = "Xcode 13.0";
			developmentRegion = en;
			hasScannedForEncodings = 0;
			knownRegions = (
				en,
				Base,
			);
			mainGroup = 4503DA7727E7D6A900475B29;
			productRefGroup = 4503DA8127E7D6A900475B29 /* Products */;
			projectDirPath = "";
			projectRoot = "";
			targets = (
				4503DA7F27E7D6A900475B29 /* Instagram */,
				4503DA9527E7D6B200475B29 /* InstagramTests */,
				4503DA9F27E7D6B300475B29 /* InstagramUITests */,
			);
		};
/* End PBXProject section */

/* Begin PBXResourcesBuildPhase section */
		4503DA7E27E7D6A900475B29 /* Resources */ = {
			isa = PBXResourcesBuildPhase;
			buildActionMask = 2147483647;
			files = (
				4503DA9027E7D6B200475B29 /* LaunchScreen.storyboard in Resources */,
				4503DA8D27E7D6B200475B29 /* Assets.xcassets in Resources */,
				4503DA8B27E7D6A900475B29 /* Main.storyboard in Resources */,
			);
			runOnlyForDeploymentPostprocessing = 0;
		};
		4503DA9427E7D6B200475B29 /* Resources */ = {
			isa = PBXResourcesBuildPhase;
			buildActionMask = 2147483647;
			files = (
			);
			runOnlyForDeploymentPostprocessing = 0;
		};
		4503DA9E27E7D6B300475B29 /* Resources */ = {
			isa = PBXResourcesBuildPhase;
			buildActionMask = 2147483647;
			files = (
			);
			runOnlyForDeploymentPostprocessing = 0;
		};
/* End PBXResourcesBuildPhase section */

/* Begin PBXShellScriptBuildPhase section */
		240AB85F8E89A75C94C00F41 /* [CP] Check Pods Manifest.lock */ = {
			isa = PBXShellScriptBuildPhase;
			buildActionMask = 2147483647;
			files = (
			);
			inputFileListPaths = (
			);
			inputPaths = (
				"${PODS_PODFILE_DIR_PATH}/Podfile.lock",
				"${PODS_ROOT}/Manifest.lock",
			);
			name = "[CP] Check Pods Manifest.lock";
			outputFileListPaths = (
			);
			outputPaths = (
				"$(DERIVED_FILE_DIR)/Pods-Instagram-checkManifestLockResult.txt",
			);
			runOnlyForDeploymentPostprocessing = 0;
			shellPath = /bin/sh;
			shellScript = "diff \"${PODS_PODFILE_DIR_PATH}/Podfile.lock\" \"${PODS_ROOT}/Manifest.lock\" > /dev/null\nif [ $? != 0 ] ; then\n    # print error to STDERR\n    echo \"error: The sandbox is not in sync with the Podfile.lock. Run 'pod install' or update your CocoaPods installation.\" >&2\n    exit 1\nfi\n# This output is used by Xcode 'outputs' to avoid re-running this script phase.\necho \"SUCCESS\" > \"${SCRIPT_OUTPUT_FILE_0}\"\n";
			showEnvVarsInLog = 0;
		};
		3D665CD76644E6AA221AB5B0 /* [CP] Check Pods Manifest.lock */ = {
			isa = PBXShellScriptBuildPhase;
			buildActionMask = 2147483647;
			files = (
			);
			inputFileListPaths = (
			);
			inputPaths = (
				"${PODS_PODFILE_DIR_PATH}/Podfile.lock",
				"${PODS_ROOT}/Manifest.lock",
			);
			name = "[CP] Check Pods Manifest.lock";
			outputFileListPaths = (
			);
			outputPaths = (
				"$(DERIVED_FILE_DIR)/Pods-Instagram-InstagramUITests-checkManifestLockResult.txt",
			);
			runOnlyForDeploymentPostprocessing = 0;
			shellPath = /bin/sh;
			shellScript = "diff \"${PODS_PODFILE_DIR_PATH}/Podfile.lock\" \"${PODS_ROOT}/Manifest.lock\" > /dev/null\nif [ $? != 0 ] ; then\n    # print error to STDERR\n    echo \"error: The sandbox is not in sync with the Podfile.lock. Run 'pod install' or update your CocoaPods installation.\" >&2\n    exit 1\nfi\n# This output is used by Xcode 'outputs' to avoid re-running this script phase.\necho \"SUCCESS\" > \"${SCRIPT_OUTPUT_FILE_0}\"\n";
			showEnvVarsInLog = 0;
		};
		510E2331C9D2A48A4D00DAEF /* [CP] Check Pods Manifest.lock */ = {
			isa = PBXShellScriptBuildPhase;
			buildActionMask = 2147483647;
			files = (
			);
			inputFileListPaths = (
			);
			inputPaths = (
				"${PODS_PODFILE_DIR_PATH}/Podfile.lock",
				"${PODS_ROOT}/Manifest.lock",
			);
			name = "[CP] Check Pods Manifest.lock";
			outputFileListPaths = (
			);
			outputPaths = (
				"$(DERIVED_FILE_DIR)/Pods-InstagramTests-checkManifestLockResult.txt",
			);
			runOnlyForDeploymentPostprocessing = 0;
			shellPath = /bin/sh;
			shellScript = "diff \"${PODS_PODFILE_DIR_PATH}/Podfile.lock\" \"${PODS_ROOT}/Manifest.lock\" > /dev/null\nif [ $? != 0 ] ; then\n    # print error to STDERR\n    echo \"error: The sandbox is not in sync with the Podfile.lock. Run 'pod install' or update your CocoaPods installation.\" >&2\n    exit 1\nfi\n# This output is used by Xcode 'outputs' to avoid re-running this script phase.\necho \"SUCCESS\" > \"${SCRIPT_OUTPUT_FILE_0}\"\n";
			showEnvVarsInLog = 0;
		};
		C27D3591EAE61883F1E9BB7A /* [CP] Embed Pods Frameworks */ = {
			isa = PBXShellScriptBuildPhase;
			buildActionMask = 2147483647;
			files = (
			);
			inputFileListPaths = (
				"${PODS_ROOT}/Target Support Files/Pods-Instagram-InstagramUITests/Pods-Instagram-InstagramUITests-frameworks-${CONFIGURATION}-input-files.xcfilelist",
			);
			name = "[CP] Embed Pods Frameworks";
			outputFileListPaths = (
				"${PODS_ROOT}/Target Support Files/Pods-Instagram-InstagramUITests/Pods-Instagram-InstagramUITests-frameworks-${CONFIGURATION}-output-files.xcfilelist",
			);
			runOnlyForDeploymentPostprocessing = 0;
			shellPath = /bin/sh;
			shellScript = "\"${PODS_ROOT}/Target Support Files/Pods-Instagram-InstagramUITests/Pods-Instagram-InstagramUITests-frameworks.sh\"\n";
			showEnvVarsInLog = 0;
		};
		CE650638D62266C35F6FDB54 /* [CP] Embed Pods Frameworks */ = {
			isa = PBXShellScriptBuildPhase;
			buildActionMask = 2147483647;
			files = (
			);
			inputFileListPaths = (
				"${PODS_ROOT}/Target Support Files/Pods-Instagram/Pods-Instagram-frameworks-${CONFIGURATION}-input-files.xcfilelist",
			);
			name = "[CP] Embed Pods Frameworks";
			outputFileListPaths = (
				"${PODS_ROOT}/Target Support Files/Pods-Instagram/Pods-Instagram-frameworks-${CONFIGURATION}-output-files.xcfilelist",
			);
			runOnlyForDeploymentPostprocessing = 0;
			shellPath = /bin/sh;
			shellScript = "\"${PODS_ROOT}/Target Support Files/Pods-Instagram/Pods-Instagram-frameworks.sh\"\n";
			showEnvVarsInLog = 0;
		};
/* End PBXShellScriptBuildPhase section */

/* Begin PBXSourcesBuildPhase section */
		4503DA7C27E7D6A900475B29 /* Sources */ = {
			isa = PBXSourcesBuildPhase;
			buildActionMask = 2147483647;
			files = (
				4503DAB427E811C500475B29 /* LoginViewController.swift in Sources */,
				4503DABB27E8276E00475B29 /* CameraViewController.swift in Sources */,
				4503DA8427E7D6A900475B29 /* AppDelegate.swift in Sources */,
				4503DAB627E811E100475B29 /* FeedViewController.swift in Sources */,
				4503DA8627E7D6A900475B29 /* SceneDelegate.swift in Sources */,
				4503DABD27E8CEC200475B29 /* PostCell.swift in Sources */,
			);
			runOnlyForDeploymentPostprocessing = 0;
		};
		4503DA9227E7D6B200475B29 /* Sources */ = {
			isa = PBXSourcesBuildPhase;
			buildActionMask = 2147483647;
			files = (
				4503DA9B27E7D6B200475B29 /* InstagramTests.swift in Sources */,
			);
			runOnlyForDeploymentPostprocessing = 0;
		};
		4503DA9C27E7D6B300475B29 /* Sources */ = {
			isa = PBXSourcesBuildPhase;
			buildActionMask = 2147483647;
			files = (
				4503DAA527E7D6B300475B29 /* InstagramUITests.swift in Sources */,
				4503DAA727E7D6B300475B29 /* InstagramUITestsLaunchTests.swift in Sources */,
			);
			runOnlyForDeploymentPostprocessing = 0;
		};
/* End PBXSourcesBuildPhase section */

/* Begin PBXTargetDependency section */
		4503DA9827E7D6B200475B29 /* PBXTargetDependency */ = {
			isa = PBXTargetDependency;
			target = 4503DA7F27E7D6A900475B29 /* Instagram */;
			targetProxy = 4503DA9727E7D6B200475B29 /* PBXContainerItemProxy */;
		};
		4503DAA227E7D6B300475B29 /* PBXTargetDependency */ = {
			isa = PBXTargetDependency;
			target = 4503DA7F27E7D6A900475B29 /* Instagram */;
			targetProxy = 4503DAA127E7D6B300475B29 /* PBXContainerItemProxy */;
		};
/* End PBXTargetDependency section */

/* Begin PBXVariantGroup section */
		4503DA8927E7D6A900475B29 /* Main.storyboard */ = {
			isa = PBXVariantGroup;
			children = (
				4503DA8A27E7D6A900475B29 /* Base */,
			);
			name = Main.storyboard;
			sourceTree = "<group>";
		};
		4503DA8E27E7D6B200475B29 /* LaunchScreen.storyboard */ = {
			isa = PBXVariantGroup;
			children = (
				4503DA8F27E7D6B200475B29 /* Base */,
			);
			name = LaunchScreen.storyboard;
			sourceTree = "<group>";
		};
/* End PBXVariantGroup section */

/* Begin XCBuildConfiguration section */
		4503DAA827E7D6B300475B29 /* Debug */ = {
			isa = XCBuildConfiguration;
			buildSettings = {
				ALWAYS_SEARCH_USER_PATHS = NO;
				CLANG_ANALYZER_NONNULL = YES;
				CLANG_ANALYZER_NUMBER_OBJECT_CONVERSION = YES_AGGRESSIVE;
				CLANG_CXX_LANGUAGE_STANDARD = "gnu++17";
				CLANG_ENABLE_MODULES = YES;
				CLANG_ENABLE_OBJC_ARC = YES;
				CLANG_ENABLE_OBJC_WEAK = YES;
				CLANG_WARN_BLOCK_CAPTURE_AUTORELEASING = YES;
				CLANG_WARN_BOOL_CONVERSION = YES;
				CLANG_WARN_COMMA = YES;
				CLANG_WARN_CONSTANT_CONVERSION = YES;
				CLANG_WARN_DEPRECATED_OBJC_IMPLEMENTATIONS = YES;
				CLANG_WARN_DIRECT_OBJC_ISA_USAGE = YES_ERROR;
				CLANG_WARN_DOCUMENTATION_COMMENTS = YES;
				CLANG_WARN_EMPTY_BODY = YES;
				CLANG_WARN_ENUM_CONVERSION = YES;
				CLANG_WARN_INFINITE_RECURSION = YES;
				CLANG_WARN_INT_CONVERSION = YES;
				CLANG_WARN_NON_LITERAL_NULL_CONVERSION = YES;
				CLANG_WARN_OBJC_IMPLICIT_RETAIN_SELF = YES;
				CLANG_WARN_OBJC_LITERAL_CONVERSION = YES;
				CLANG_WARN_OBJC_ROOT_CLASS = YES_ERROR;
				CLANG_WARN_QUOTED_INCLUDE_IN_FRAMEWORK_HEADER = YES;
				CLANG_WARN_RANGE_LOOP_ANALYSIS = YES;
				CLANG_WARN_STRICT_PROTOTYPES = YES;
				CLANG_WARN_SUSPICIOUS_MOVE = YES;
				CLANG_WARN_UNGUARDED_AVAILABILITY = YES_AGGRESSIVE;
				CLANG_WARN_UNREACHABLE_CODE = YES;
				CLANG_WARN__DUPLICATE_METHOD_MATCH = YES;
				COPY_PHASE_STRIP = NO;
				DEBUG_INFORMATION_FORMAT = dwarf;
				ENABLE_STRICT_OBJC_MSGSEND = YES;
				ENABLE_TESTABILITY = YES;
				GCC_C_LANGUAGE_STANDARD = gnu11;
				GCC_DYNAMIC_NO_PIC = NO;
				GCC_NO_COMMON_BLOCKS = YES;
				GCC_OPTIMIZATION_LEVEL = 0;
				GCC_PREPROCESSOR_DEFINITIONS = (
					"DEBUG=1",
					"$(inherited)",
				);
				GCC_WARN_64_TO_32_BIT_CONVERSION = YES;
				GCC_WARN_ABOUT_RETURN_TYPE = YES_ERROR;
				GCC_WARN_UNDECLARED_SELECTOR = YES;
				GCC_WARN_UNINITIALIZED_AUTOS = YES_AGGRESSIVE;
				GCC_WARN_UNUSED_FUNCTION = YES;
				GCC_WARN_UNUSED_VARIABLE = YES;
				IPHONEOS_DEPLOYMENT_TARGET = 15.4;
				MTL_ENABLE_DEBUG_INFO = INCLUDE_SOURCE;
				MTL_FAST_MATH = YES;
				ONLY_ACTIVE_ARCH = YES;
				SDKROOT = iphoneos;
				SWIFT_ACTIVE_COMPILATION_CONDITIONS = DEBUG;
				SWIFT_OPTIMIZATION_LEVEL = "-Onone";
			};
			name = Debug;
		};
		4503DAA927E7D6B300475B29 /* Release */ = {
			isa = XCBuildConfiguration;
			buildSettings = {
				ALWAYS_SEARCH_USER_PATHS = NO;
				CLANG_ANALYZER_NONNULL = YES;
				CLANG_ANALYZER_NUMBER_OBJECT_CONVERSION = YES_AGGRESSIVE;
				CLANG_CXX_LANGUAGE_STANDARD = "gnu++17";
				CLANG_ENABLE_MODULES = YES;
				CLANG_ENABLE_OBJC_ARC = YES;
				CLANG_ENABLE_OBJC_WEAK = YES;
				CLANG_WARN_BLOCK_CAPTURE_AUTORELEASING = YES;
				CLANG_WARN_BOOL_CONVERSION = YES;
				CLANG_WARN_COMMA = YES;
				CLANG_WARN_CONSTANT_CONVERSION = YES;
				CLANG_WARN_DEPRECATED_OBJC_IMPLEMENTATIONS = YES;
				CLANG_WARN_DIRECT_OBJC_ISA_USAGE = YES_ERROR;
				CLANG_WARN_DOCUMENTATION_COMMENTS = YES;
				CLANG_WARN_EMPTY_BODY = YES;
				CLANG_WARN_ENUM_CONVERSION = YES;
				CLANG_WARN_INFINITE_RECURSION = YES;
				CLANG_WARN_INT_CONVERSION = YES;
				CLANG_WARN_NON_LITERAL_NULL_CONVERSION = YES;
				CLANG_WARN_OBJC_IMPLICIT_RETAIN_SELF = YES;
				CLANG_WARN_OBJC_LITERAL_CONVERSION = YES;
				CLANG_WARN_OBJC_ROOT_CLASS = YES_ERROR;
				CLANG_WARN_QUOTED_INCLUDE_IN_FRAMEWORK_HEADER = YES;
				CLANG_WARN_RANGE_LOOP_ANALYSIS = YES;
				CLANG_WARN_STRICT_PROTOTYPES = YES;
				CLANG_WARN_SUSPICIOUS_MOVE = YES;
				CLANG_WARN_UNGUARDED_AVAILABILITY = YES_AGGRESSIVE;
				CLANG_WARN_UNREACHABLE_CODE = YES;
				CLANG_WARN__DUPLICATE_METHOD_MATCH = YES;
				COPY_PHASE_STRIP = NO;
				DEBUG_INFORMATION_FORMAT = "dwarf-with-dsym";
				ENABLE_NS_ASSERTIONS = NO;
				ENABLE_STRICT_OBJC_MSGSEND = YES;
				GCC_C_LANGUAGE_STANDARD = gnu11;
				GCC_NO_COMMON_BLOCKS = YES;
				GCC_WARN_64_TO_32_BIT_CONVERSION = YES;
				GCC_WARN_ABOUT_RETURN_TYPE = YES_ERROR;
				GCC_WARN_UNDECLARED_SELECTOR = YES;
				GCC_WARN_UNINITIALIZED_AUTOS = YES_AGGRESSIVE;
				GCC_WARN_UNUSED_FUNCTION = YES;
				GCC_WARN_UNUSED_VARIABLE = YES;
				IPHONEOS_DEPLOYMENT_TARGET = 15.4;
				MTL_ENABLE_DEBUG_INFO = NO;
				MTL_FAST_MATH = YES;
				SDKROOT = iphoneos;
				SWIFT_COMPILATION_MODE = wholemodule;
				SWIFT_OPTIMIZATION_LEVEL = "-O";
				VALIDATE_PRODUCT = YES;
			};
			name = Release;
		};
		4503DAAB27E7D6B300475B29 /* Debug */ = {
			isa = XCBuildConfiguration;
			baseConfigurationReference = 4C00B3A4CE8E401FD15AC91A /* Pods-Instagram.debug.xcconfig */;
			buildSettings = {
				ASSETCATALOG_COMPILER_APPICON_NAME = AppIcon;
				ASSETCATALOG_COMPILER_GLOBAL_ACCENT_COLOR_NAME = AccentColor;
				CODE_SIGN_STYLE = Automatic;
				CURRENT_PROJECT_VERSION = 1;
				DEVELOPMENT_TEAM = 7DL848YJ5J;
				GENERATE_INFOPLIST_FILE = YES;
				INFOPLIST_FILE = Instagram/Info.plist;
				INFOPLIST_KEY_UIApplicationSupportsIndirectInputEvents = YES;
				INFOPLIST_KEY_UILaunchStoryboardName = LaunchScreen;
				INFOPLIST_KEY_UIMainStoryboardFile = Main;
				INFOPLIST_KEY_UISupportedInterfaceOrientations_iPad = "UIInterfaceOrientationPortrait UIInterfaceOrientationPortraitUpsideDown UIInterfaceOrientationLandscapeLeft UIInterfaceOrientationLandscapeRight";
				INFOPLIST_KEY_UISupportedInterfaceOrientations_iPhone = "UIInterfaceOrientationPortrait UIInterfaceOrientationLandscapeLeft UIInterfaceOrientationLandscapeRight";
				LD_RUNPATH_SEARCH_PATHS = (
					"$(inherited)",
					"@executable_path/Frameworks",
				);
				MARKETING_VERSION = 1.0;
				PRODUCT_BUNDLE_IDENTIFIER = com.codepath.Instagram;
				PRODUCT_NAME = "$(TARGET_NAME)";
				SWIFT_EMIT_LOC_STRINGS = YES;
				SWIFT_VERSION = 5.0;
				TARGETED_DEVICE_FAMILY = "1,2";
			};
			name = Debug;
		};
		4503DAAC27E7D6B300475B29 /* Release */ = {
			isa = XCBuildConfiguration;
			baseConfigurationReference = 4A646FC14E53BE731749B541 /* Pods-Instagram.release.xcconfig */;
			buildSettings = {
				ASSETCATALOG_COMPILER_APPICON_NAME = AppIcon;
				ASSETCATALOG_COMPILER_GLOBAL_ACCENT_COLOR_NAME = AccentColor;
				CODE_SIGN_STYLE = Automatic;
				CURRENT_PROJECT_VERSION = 1;
				DEVELOPMENT_TEAM = 7DL848YJ5J;
				GENERATE_INFOPLIST_FILE = YES;
				INFOPLIST_FILE = Instagram/Info.plist;
				INFOPLIST_KEY_UIApplicationSupportsIndirectInputEvents = YES;
				INFOPLIST_KEY_UILaunchStoryboardName = LaunchScreen;
				INFOPLIST_KEY_UIMainStoryboardFile = Main;
				INFOPLIST_KEY_UISupportedInterfaceOrientations_iPad = "UIInterfaceOrientationPortrait UIInterfaceOrientationPortraitUpsideDown UIInterfaceOrientationLandscapeLeft UIInterfaceOrientationLandscapeRight";
				INFOPLIST_KEY_UISupportedInterfaceOrientations_iPhone = "UIInterfaceOrientationPortrait UIInterfaceOrientationLandscapeLeft UIInterfaceOrientationLandscapeRight";
				LD_RUNPATH_SEARCH_PATHS = (
					"$(inherited)",
					"@executable_path/Frameworks",
				);
				MARKETING_VERSION = 1.0;
				PRODUCT_BUNDLE_IDENTIFIER = com.codepath.Instagram;
				PRODUCT_NAME = "$(TARGET_NAME)";
				SWIFT_EMIT_LOC_STRINGS = YES;
				SWIFT_VERSION = 5.0;
				TARGETED_DEVICE_FAMILY = "1,2";
			};
			name = Release;
		};
		4503DAAE27E7D6B300475B29 /* Debug */ = {
			isa = XCBuildConfiguration;
			baseConfigurationReference = 56BD335B7D2E3FE02C9494F4 /* Pods-InstagramTests.debug.xcconfig */;
			buildSettings = {
				ALWAYS_EMBED_SWIFT_STANDARD_LIBRARIES = YES;
				BUNDLE_LOADER = "$(TEST_HOST)";
				CODE_SIGN_STYLE = Automatic;
				CURRENT_PROJECT_VERSION = 1;
				DEVELOPMENT_TEAM = 7DL848YJ5J;
				GENERATE_INFOPLIST_FILE = YES;
				IPHONEOS_DEPLOYMENT_TARGET = 15.4;
				MARKETING_VERSION = 1.0;
				PRODUCT_BUNDLE_IDENTIFIER = com.codepath.InstagramTests;
				PRODUCT_NAME = "$(TARGET_NAME)";
				SWIFT_EMIT_LOC_STRINGS = NO;
				SWIFT_VERSION = 5.0;
				TARGETED_DEVICE_FAMILY = "1,2";
				TEST_HOST = "$(BUILT_PRODUCTS_DIR)/Instagram.app/Instagram";
			};
			name = Debug;
		};
		4503DAAF27E7D6B300475B29 /* Release */ = {
			isa = XCBuildConfiguration;
			baseConfigurationReference = F8E25D98411EA8BEA1F20AF7 /* Pods-InstagramTests.release.xcconfig */;
			buildSettings = {
				ALWAYS_EMBED_SWIFT_STANDARD_LIBRARIES = YES;
				BUNDLE_LOADER = "$(TEST_HOST)";
				CODE_SIGN_STYLE = Automatic;
				CURRENT_PROJECT_VERSION = 1;
				DEVELOPMENT_TEAM = 7DL848YJ5J;
				GENERATE_INFOPLIST_FILE = YES;
				IPHONEOS_DEPLOYMENT_TARGET = 15.4;
				MARKETING_VERSION = 1.0;
				PRODUCT_BUNDLE_IDENTIFIER = com.codepath.InstagramTests;
				PRODUCT_NAME = "$(TARGET_NAME)";
				SWIFT_EMIT_LOC_STRINGS = NO;
				SWIFT_VERSION = 5.0;
				TARGETED_DEVICE_FAMILY = "1,2";
				TEST_HOST = "$(BUILT_PRODUCTS_DIR)/Instagram.app/Instagram";
			};
			name = Release;
		};
		4503DAB127E7D6B300475B29 /* Debug */ = {
			isa = XCBuildConfiguration;
			baseConfigurationReference = FD1611E3C207FD07ECFA7E12 /* Pods-Instagram-InstagramUITests.debug.xcconfig */;
			buildSettings = {
				ALWAYS_EMBED_SWIFT_STANDARD_LIBRARIES = YES;
				CODE_SIGN_STYLE = Automatic;
				CURRENT_PROJECT_VERSION = 1;
				DEVELOPMENT_TEAM = 7DL848YJ5J;
				GENERATE_INFOPLIST_FILE = YES;
				MARKETING_VERSION = 1.0;
				PRODUCT_BUNDLE_IDENTIFIER = com.codepath.InstagramUITests;
				PRODUCT_NAME = "$(TARGET_NAME)";
				SWIFT_EMIT_LOC_STRINGS = NO;
				SWIFT_VERSION = 5.0;
				TARGETED_DEVICE_FAMILY = "1,2";
				TEST_TARGET_NAME = Instagram;
			};
			name = Debug;
		};
		4503DAB227E7D6B300475B29 /* Release */ = {
			isa = XCBuildConfiguration;
			baseConfigurationReference = CB1650EAF0486CBB9DA38BC6 /* Pods-Instagram-InstagramUITests.release.xcconfig */;
			buildSettings = {
				ALWAYS_EMBED_SWIFT_STANDARD_LIBRARIES = YES;
				CODE_SIGN_STYLE = Automatic;
				CURRENT_PROJECT_VERSION = 1;
				DEVELOPMENT_TEAM = 7DL848YJ5J;
				GENERATE_INFOPLIST_FILE = YES;
				MARKETING_VERSION = 1.0;
				PRODUCT_BUNDLE_IDENTIFIER = com.codepath.InstagramUITests;
				PRODUCT_NAME = "$(TARGET_NAME)";
				SWIFT_EMIT_LOC_STRINGS = NO;
				SWIFT_VERSION = 5.0;
				TARGETED_DEVICE_FAMILY = "1,2";
				TEST_TARGET_NAME = Instagram;
			};
			name = Release;
		};
/* End XCBuildConfiguration section */

/* Begin XCConfigurationList section */
		4503DA7B27E7D6A900475B29 /* Build configuration list for PBXProject "Instagram" */ = {
			isa = XCConfigurationList;
			buildConfigurations = (
				4503DAA827E7D6B300475B29 /* Debug */,
				4503DAA927E7D6B300475B29 /* Release */,
			);
			defaultConfigurationIsVisible = 0;
			defaultConfigurationName = Release;
		};
		4503DAAA27E7D6B300475B29 /* Build configuration list for PBXNativeTarget "Instagram" */ = {
			isa = XCConfigurationList;
			buildConfigurations = (
				4503DAAB27E7D6B300475B29 /* Debug */,
				4503DAAC27E7D6B300475B29 /* Release */,
			);
			defaultConfigurationIsVisible = 0;
			defaultConfigurationName = Release;
		};
		4503DAAD27E7D6B300475B29 /* Build configuration list for PBXNativeTarget "InstagramTests" */ = {
			isa = XCConfigurationList;
			buildConfigurations = (
				4503DAAE27E7D6B300475B29 /* Debug */,
				4503DAAF27E7D6B300475B29 /* Release */,
			);
			defaultConfigurationIsVisible = 0;
			defaultConfigurationName = Release;
		};
		4503DAB027E7D6B300475B29 /* Build configuration list for PBXNativeTarget "InstagramUITests" */ = {
			isa = XCConfigurationList;
			buildConfigurations = (
				4503DAB127E7D6B300475B29 /* Debug */,
				4503DAB227E7D6B300475B29 /* Release */,
			);
			defaultConfigurationIsVisible = 0;
			defaultConfigurationName = Release;
		};
/* End XCConfigurationList section */
	};
	rootObject = 4503DA7827E7D6A900475B29 /* Project object */;
}
